// !$*UTF8*$!
{
	archiveVersion = 1;
	classes = {
	};
	objectVersion = 46;
	objects = {

/* Begin PBXBuildFile section */
		C080EFDB1E5EA5590072C55F /* AppDelegate.swift in Sources */ = {isa = PBXBuildFile; fileRef = C080EFDA1E5EA5590072C55F /* AppDelegate.swift */; };
		C080EFE21E5EA5590072C55F /* Main.storyboard in Resources */ = {isa = PBXBuildFile; fileRef = C080EFE01E5EA5590072C55F /* Main.storyboard */; };
		C080EFE41E5EA5590072C55F /* Assets.xcassets in Resources */ = {isa = PBXBuildFile; fileRef = C080EFE31E5EA5590072C55F /* Assets.xcassets */; };
		C080EFE71E5EA5590072C55F /* LaunchScreen.storyboard in Resources */ = {isa = PBXBuildFile; fileRef = C080EFE51E5EA5590072C55F /* LaunchScreen.storyboard */; };
		C080EFF21E5EA5590072C55F /* Photo_VaultTests.swift in Sources */ = {isa = PBXBuildFile; fileRef = C080EFF11E5EA5590072C55F /* Photo_VaultTests.swift */; };
		C080EFFF1E5F8E620072C55F /* AlbumTableViewController.swift in Sources */ = {isa = PBXBuildFile; fileRef = C080EFFE1E5F8E620072C55F /* AlbumTableViewController.swift */; };
		C080F0011E5F8E790072C55F /* AlbumTableViewCell.swift in Sources */ = {isa = PBXBuildFile; fileRef = C080F0001E5F8E790072C55F /* AlbumTableViewCell.swift */; };
		C080F0031E5F94D80072C55F /* PhotosCollectionViewController.swift in Sources */ = {isa = PBXBuildFile; fileRef = C080F0021E5F94D80072C55F /* PhotosCollectionViewController.swift */; };
		C080F0051E5F95A70072C55F /* PhotoCollectionViewCell.swift in Sources */ = {isa = PBXBuildFile; fileRef = C080F0041E5F95A70072C55F /* PhotoCollectionViewCell.swift */; };
		C080F0081E639AD00072C55F /* PhotoSelectorTableViewController.swift in Sources */ = {isa = PBXBuildFile; fileRef = C080F0071E639AD00072C55F /* PhotoSelectorTableViewController.swift */; };
		C080F00C1E639B650072C55F /* PhotoSelectorTableViewCell.swift in Sources */ = {isa = PBXBuildFile; fileRef = C080F00B1E639B650072C55F /* PhotoSelectorTableViewCell.swift */; };
/* End PBXBuildFile section */

/* Begin PBXContainerItemProxy section */
		C080EFEE1E5EA5590072C55F /* PBXContainerItemProxy */ = {
			isa = PBXContainerItemProxy;
			containerPortal = C080EFCF1E5EA5590072C55F /* Project object */;
			proxyType = 1;
			remoteGlobalIDString = C080EFD61E5EA5590072C55F;
			remoteInfo = "Photo Vault";
		};
/* End PBXContainerItemProxy section */

/* Begin PBXFileReference section */
		C080EFD71E5EA5590072C55F /* Photo Vault.app */ = {isa = PBXFileReference; explicitFileType = wrapper.application; includeInIndex = 0; path = "Photo Vault.app"; sourceTree = BUILT_PRODUCTS_DIR; };
		C080EFDA1E5EA5590072C55F /* AppDelegate.swift */ = {isa = PBXFileReference; lastKnownFileType = sourcecode.swift; path = AppDelegate.swift; sourceTree = "<group>"; };
		C080EFE11E5EA5590072C55F /* Base */ = {isa = PBXFileReference; lastKnownFileType = file.storyboard; name = Base; path = Base.lproj/Main.storyboard; sourceTree = "<group>"; };
		C080EFE31E5EA5590072C55F /* Assets.xcassets */ = {isa = PBXFileReference; lastKnownFileType = folder.assetcatalog; path = Assets.xcassets; sourceTree = "<group>"; };
		C080EFE61E5EA5590072C55F /* Base */ = {isa = PBXFileReference; lastKnownFileType = file.storyboard; name = Base; path = Base.lproj/LaunchScreen.storyboard; sourceTree = "<group>"; };
		C080EFE81E5EA5590072C55F /* Info.plist */ = {isa = PBXFileReference; lastKnownFileType = text.plist.xml; path = Info.plist; sourceTree = "<group>"; };
		C080EFED1E5EA5590072C55F /* Photo VaultTests.xctest */ = {isa = PBXFileReference; explicitFileType = wrapper.cfbundle; includeInIndex = 0; path = "Photo VaultTests.xctest"; sourceTree = BUILT_PRODUCTS_DIR; };
		C080EFF11E5EA5590072C55F /* Photo_VaultTests.swift */ = {isa = PBXFileReference; lastKnownFileType = sourcecode.swift; path = Photo_VaultTests.swift; sourceTree = "<group>"; };
		C080EFF31E5EA5590072C55F /* Info.plist */ = {isa = PBXFileReference; lastKnownFileType = text.plist.xml; path = Info.plist; sourceTree = "<group>"; };
		C080EFFE1E5F8E620072C55F /* AlbumTableViewController.swift */ = {isa = PBXFileReference; fileEncoding = 4; lastKnownFileType = sourcecode.swift; path = AlbumTableViewController.swift; sourceTree = "<group>"; };
		C080F0001E5F8E790072C55F /* AlbumTableViewCell.swift */ = {isa = PBXFileReference; fileEncoding = 4; lastKnownFileType = sourcecode.swift; path = AlbumTableViewCell.swift; sourceTree = "<group>"; };
		C080F0021E5F94D80072C55F /* PhotosCollectionViewController.swift */ = {isa = PBXFileReference; fileEncoding = 4; lastKnownFileType = sourcecode.swift; path = PhotosCollectionViewController.swift; sourceTree = "<group>"; };
		C080F0041E5F95A70072C55F /* PhotoCollectionViewCell.swift */ = {isa = PBXFileReference; fileEncoding = 4; lastKnownFileType = sourcecode.swift; path = PhotoCollectionViewCell.swift; sourceTree = "<group>"; };
		C080F0071E639AD00072C55F /* PhotoSelectorTableViewController.swift */ = {isa = PBXFileReference; fileEncoding = 4; lastKnownFileType = sourcecode.swift; path = PhotoSelectorTableViewController.swift; sourceTree = "<group>"; };
		C080F00B1E639B650072C55F /* PhotoSelectorTableViewCell.swift */ = {isa = PBXFileReference; fileEncoding = 4; lastKnownFileType = sourcecode.swift; name = PhotoSelectorTableViewCell.swift; path = ../PhotoSelectorTableViewCell.swift; sourceTree = "<group>"; };
/* End PBXFileReference section */

/* Begin PBXFrameworksBuildPhase section */
		C080EFD41E5EA5590072C55F /* Frameworks */ = {
			isa = PBXFrameworksBuildPhase;
			buildActionMask = 2147483647;
			files = (
			);
			runOnlyForDeploymentPostprocessing = 0;
		};
		C080EFEA1E5EA5590072C55F /* Frameworks */ = {
			isa = PBXFrameworksBuildPhase;
			buildActionMask = 2147483647;
			files = (
			);
			runOnlyForDeploymentPostprocessing = 0;
		};
/* End PBXFrameworksBuildPhase section */

/* Begin PBXGroup section */
		C080EFCE1E5EA5590072C55F = {
			isa = PBXGroup;
			children = (
				C080EFD91E5EA5590072C55F /* Photo Vault */,
				C080EFF01E5EA5590072C55F /* Photo VaultTests */,
				C080EFD81E5EA5590072C55F /* Products */,
			);
			sourceTree = "<group>";
		};
		C080EFD81E5EA5590072C55F /* Products */ = {
			isa = PBXGroup;
			children = (
				C080EFD71E5EA5590072C55F /* Photo Vault.app */,
				C080EFED1E5EA5590072C55F /* Photo VaultTests.xctest */,
			);
			name = Products;
			sourceTree = "<group>";
		};
		C080EFD91E5EA5590072C55F /* Photo Vault */ = {
			isa = PBXGroup;
			children = (
				C080EFDA1E5EA5590072C55F /* AppDelegate.swift */,
				C080F0061E63999E0072C55F /* Photo Selector */,
				C080EFFC1E5F8DFF0072C55F /* TableViewControllers */,
				C080EFFD1E5F8E0F0072C55F /* TableViewCells */,
				C080EFE01E5EA5590072C55F /* Main.storyboard */,
				C080EFE31E5EA5590072C55F /* Assets.xcassets */,
				C080EFE51E5EA5590072C55F /* LaunchScreen.storyboard */,
				C080EFE81E5EA5590072C55F /* Info.plist */,
			);
			path = "Photo Vault";
			sourceTree = "<group>";
		};
		C080EFF01E5EA5590072C55F /* Photo VaultTests */ = {
			isa = PBXGroup;
			children = (
				C080EFF11E5EA5590072C55F /* Photo_VaultTests.swift */,
				C080EFF31E5EA5590072C55F /* Info.plist */,
			);
			path = "Photo VaultTests";
			sourceTree = "<group>";
		};
		C080EFFC1E5F8DFF0072C55F /* TableViewControllers */ = {
			isa = PBXGroup;
			children = (
				C080EFFE1E5F8E620072C55F /* AlbumTableViewController.swift */,
				C080F0021E5F94D80072C55F /* PhotosCollectionViewController.swift */,
			);
			name = TableViewControllers;
			sourceTree = "<group>";
		};
		C080EFFD1E5F8E0F0072C55F /* TableViewCells */ = {
			isa = PBXGroup;
			children = (
				C080F0041E5F95A70072C55F /* PhotoCollectionViewCell.swift */,
				C080F0001E5F8E790072C55F /* AlbumTableViewCell.swift */,
			);
			name = TableViewCells;
			sourceTree = "<group>";
		};
		C080F0061E63999E0072C55F /* Photo Selector */ = {
			isa = PBXGroup;
			children = (
				C080F0071E639AD00072C55F /* PhotoSelectorTableViewController.swift */,
				C080F00B1E639B650072C55F /* PhotoSelectorTableViewCell.swift */,
			);
			name = "Photo Selector";
			sourceTree = "<group>";
		};
/* End PBXGroup section */

/* Begin PBXNativeTarget section */
		C080EFD61E5EA5590072C55F /* Photo Vault */ = {
			isa = PBXNativeTarget;
			buildConfigurationList = C080EFF61E5EA5590072C55F /* Build configuration list for PBXNativeTarget "Photo Vault" */;
			buildPhases = (
				C080EFD31E5EA5590072C55F /* Sources */,
				C080EFD41E5EA5590072C55F /* Frameworks */,
				C080EFD51E5EA5590072C55F /* Resources */,
			);
			buildRules = (
			);
			dependencies = (
			);
			name = "Photo Vault";
			productName = "Photo Vault";
			productReference = C080EFD71E5EA5590072C55F /* Photo Vault.app */;
			productType = "com.apple.product-type.application";
		};
		C080EFEC1E5EA5590072C55F /* Photo VaultTests */ = {
			isa = PBXNativeTarget;
			buildConfigurationList = C080EFF91E5EA5590072C55F /* Build configuration list for PBXNativeTarget "Photo VaultTests" */;
			buildPhases = (
				C080EFE91E5EA5590072C55F /* Sources */,
				C080EFEA1E5EA5590072C55F /* Frameworks */,
				C080EFEB1E5EA5590072C55F /* Resources */,
			);
			buildRules = (
			);
			dependencies = (
				C080EFEF1E5EA5590072C55F /* PBXTargetDependency */,
			);
			name = "Photo VaultTests";
			productName = "Photo VaultTests";
			productReference = C080EFED1E5EA5590072C55F /* Photo VaultTests.xctest */;
			productType = "com.apple.product-type.bundle.unit-test";
		};
/* End PBXNativeTarget section */

/* Begin PBXProject section */
		C080EFCF1E5EA5590072C55F /* Project object */ = {
			isa = PBXProject;
			attributes = {
				LastSwiftUpdateCheck = 0820;
				LastUpgradeCheck = 0820;
				ORGANIZATIONNAME = "16^2";
				TargetAttributes = {
					C080EFD61E5EA5590072C55F = {
						CreatedOnToolsVersion = 8.2.1;
						DevelopmentTeam = P87XK5R228;
						ProvisioningStyle = Automatic;
					};
					C080EFEC1E5EA5590072C55F = {
						CreatedOnToolsVersion = 8.2.1;
						ProvisioningStyle = Automatic;
						TestTargetID = C080EFD61E5EA5590072C55F;
					};
				};
			};
			buildConfigurationList = C080EFD21E5EA5590072C55F /* Build configuration list for PBXProject "Photo Vault" */;
			compatibilityVersion = "Xcode 3.2";
			developmentRegion = English;
			hasScannedForEncodings = 0;
			knownRegions = (
				en,
				Base,
			);
			mainGroup = C080EFCE1E5EA5590072C55F;
			productRefGroup = C080EFD81E5EA5590072C55F /* Products */;
			projectDirPath = "";
			projectRoot = "";
			targets = (
				C080EFD61E5EA5590072C55F /* Photo Vault */,
				C080EFEC1E5EA5590072C55F /* Photo VaultTests */,
			);
		};
/* End PBXProject section */

/* Begin PBXResourcesBuildPhase section */
		C080EFD51E5EA5590072C55F /* Resources */ = {
			isa = PBXResourcesBuildPhase;
			buildActionMask = 2147483647;
			files = (
				C080EFE71E5EA5590072C55F /* LaunchScreen.storyboard in Resources */,
				C080EFE41E5EA5590072C55F /* Assets.xcassets in Resources */,
				C080EFE21E5EA5590072C55F /* Main.storyboard in Resources */,
			);
			runOnlyForDeploymentPostprocessing = 0;
		};
		C080EFEB1E5EA5590072C55F /* Resources */ = {
			isa = PBXResourcesBuildPhase;
			buildActionMask = 2147483647;
			files = (
			);
			runOnlyForDeploymentPostprocessing = 0;
		};
/* End PBXResourcesBuildPhase section */

/* Begin PBXSourcesBuildPhase section */
		C080EFD31E5EA5590072C55F /* Sources */ = {
			isa = PBXSourcesBuildPhase;
			buildActionMask = 2147483647;
			files = (
				C080EFDB1E5EA5590072C55F /* AppDelegate.swift in Sources */,
				C080F00C1E639B650072C55F /* PhotoSelectorTableViewCell.swift in Sources */,
				C080F0051E5F95A70072C55F /* PhotoCollectionViewCell.swift in Sources */,
				C080EFFF1E5F8E620072C55F /* AlbumTableViewController.swift in Sources */,
				C080F0011E5F8E790072C55F /* AlbumTableViewCell.swift in Sources */,
				C080F0031E5F94D80072C55F /* PhotosCollectionViewController.swift in Sources */,
				C080F0081E639AD00072C55F /* PhotoSelectorTableViewController.swift in Sources */,
			);
			runOnlyForDeploymentPostprocessing = 0;
		};
		C080EFE91E5EA5590072C55F /* Sources */ = {
			isa = PBXSourcesBuildPhase;
			buildActionMask = 2147483647;
			files = (
				C080EFF21E5EA5590072C55F /* Photo_VaultTests.swift in Sources */,
			);
			runOnlyForDeploymentPostprocessing = 0;
		};
/* End PBXSourcesBuildPhase section */

/* Begin PBXTargetDependency section */
		C080EFEF1E5EA5590072C55F /* PBXTargetDependency */ = {
			isa = PBXTargetDependency;
			target = C080EFD61E5EA5590072C55F /* Photo Vault */;
			targetProxy = C080EFEE1E5EA5590072C55F /* PBXContainerItemProxy */;
		};
/* End PBXTargetDependency section */

/* Begin PBXVariantGroup section */
		C080EFE01E5EA5590072C55F /* Main.storyboard */ = {
			isa = PBXVariantGroup;
			children = (
				C080EFE11E5EA5590072C55F /* Base */,
			);
			name = Main.storyboard;
			sourceTree = "<group>";
		};
		C080EFE51E5EA5590072C55F /* LaunchScreen.storyboard */ = {
			isa = PBXVariantGroup;
			children = (
				C080EFE61E5EA5590072C55F /* Base */,
			);
			name = LaunchScreen.storyboard;
			sourceTree = "<group>";
		};
/* End PBXVariantGroup section */

/* Begin XCBuildConfiguration section */
		C080EFF41E5EA5590072C55F /* Debug */ = {
			isa = XCBuildConfiguration;
			buildSettings = {
				ALWAYS_SEARCH_USER_PATHS = NO;
				CLANG_ANALYZER_NONNULL = YES;
				CLANG_CXX_LANGUAGE_STANDARD = "gnu++0x";
				CLANG_CXX_LIBRARY = "libc++";
				CLANG_ENABLE_MODULES = YES;
				CLANG_ENABLE_OBJC_ARC = YES;
				CLANG_WARN_BOOL_CONVERSION = YES;
				CLANG_WARN_CONSTANT_CONVERSION = YES;
				CLANG_WARN_DIRECT_OBJC_ISA_USAGE = YES_ERROR;
				CLANG_WARN_DOCUMENTATION_COMMENTS = YES;
				CLANG_WARN_EMPTY_BODY = YES;
				CLANG_WARN_ENUM_CONVERSION = YES;
				CLANG_WARN_INFINITE_RECURSION = YES;
				CLANG_WARN_INT_CONVERSION = YES;
				CLANG_WARN_OBJC_ROOT_CLASS = YES_ERROR;
				CLANG_WARN_SUSPICIOUS_MOVE = YES;
				CLANG_WARN_UNREACHABLE_CODE = YES;
				CLANG_WARN__DUPLICATE_METHOD_MATCH = YES;
				"CODE_SIGN_IDENTITY[sdk=iphoneos*]" = "iPhone Developer";
				COPY_PHASE_STRIP = NO;
				DEBUG_INFORMATION_FORMAT = dwarf;
				ENABLE_STRICT_OBJC_MSGSEND = YES;
				ENABLE_TESTABILITY = YES;
				GCC_C_LANGUAGE_STANDARD = gnu99;
				GCC_DYNAMIC_NO_PIC = NO;
				GCC_NO_COMMON_BLOCKS = YES;
				GCC_OPTIMIZATION_LEVEL = 0;
				GCC_PREPROCESSOR_DEFINITIONS = (
					"DEBUG=1",
					"$(inherited)",
				);
				GCC_WARN_64_TO_32_BIT_CONVERSION = YES;
				GCC_WARN_ABOUT_RETURN_TYPE = YES_ERROR;
				GCC_WARN_UNDECLARED_SELECTOR = YES;
				GCC_WARN_UNINITIALIZED_AUTOS = YES_AGGRESSIVE;
				GCC_WARN_UNUSED_FUNCTION = YES;
				GCC_WARN_UNUSED_VARIABLE = YES;
				IPHONEOS_DEPLOYMENT_TARGET = 10.2;
				MTL_ENABLE_DEBUG_INFO = YES;
				ONLY_ACTIVE_ARCH = YES;
				SDKROOT = iphoneos;
				SWIFT_ACTIVE_COMPILATION_CONDITIONS = DEBUG;
				SWIFT_OPTIMIZATION_LEVEL = "-Onone";
				TARGETED_DEVICE_FAMILY = "1,2";
			};
			name = Debug;
		};
		C080EFF51E5EA5590072C55F /* Release */ = {
			isa = XCBuildConfiguration;
			buildSettings = {
				ALWAYS_SEARCH_USER_PATHS = NO;
				CLANG_ANALYZER_NONNULL = YES;
				CLANG_CXX_LANGUAGE_STANDARD = "gnu++0x";
				CLANG_CXX_LIBRARY = "libc++";
				CLANG_ENABLE_MODULES = YES;
				CLANG_ENABLE_OBJC_ARC = YES;
				CLANG_WARN_BOOL_CONVERSION = YES;
				CLANG_WARN_CONSTANT_CONVERSION = YES;
				CLANG_WARN_DIRECT_OBJC_ISA_USAGE = YES_ERROR;
				CLANG_WARN_DOCUMENTATION_COMMENTS = YES;
				CLANG_WARN_EMPTY_BODY = YES;
				CLANG_WARN_ENUM_CONVERSION = YES;
				CLANG_WARN_INFINITE_RECURSION = YES;
				CLANG_WARN_INT_CONVERSION = YES;
				CLANG_WARN_OBJC_ROOT_CLASS = YES_ERROR;
				CLANG_WARN_SUSPICIOUS_MOVE = YES;
				CLANG_WARN_UNREACHABLE_CODE = YES;
				CLANG_WARN__DUPLICATE_METHOD_MATCH = YES;
				"CODE_SIGN_IDENTITY[sdk=iphoneos*]" = "iPhone Developer";
				COPY_PHASE_STRIP = NO;
				DEBUG_INFORMATION_FORMAT = "dwarf-with-dsym";
				ENABLE_NS_ASSERTIONS = NO;
				ENABLE_STRICT_OBJC_MSGSEND = YES;
				GCC_C_LANGUAGE_STANDARD = gnu99;
				GCC_NO_COMMON_BLOCKS = YES;
				GCC_WARN_64_TO_32_BIT_CONVERSION = YES;
				GCC_WARN_ABOUT_RETURN_TYPE = YES_ERROR;
				GCC_WARN_UNDECLARED_SELECTOR = YES;
				GCC_WARN_UNINITIALIZED_AUTOS = YES_AGGRESSIVE;
				GCC_WARN_UNUSED_FUNCTION = YES;
				GCC_WARN_UNUSED_VARIABLE = YES;
				IPHONEOS_DEPLOYMENT_TARGET = 10.2;
				MTL_ENABLE_DEBUG_INFO = NO;
				SDKROOT = iphoneos;
				SWIFT_OPTIMIZATION_LEVEL = "-Owholemodule";
				TARGETED_DEVICE_FAMILY = "1,2";
				VALIDATE_PRODUCT = YES;
			};
			name = Release;
		};
		C080EFF71E5EA5590072C55F /* Debug */ = {
			isa = XCBuildConfiguration;
			buildSettings = {
				ASSETCATALOG_COMPILER_APPICON_NAME = AppIcon;
				DEVELOPMENT_TEAM = P87XK5R228;
				INFOPLIST_FILE = "Photo Vault/Info.plist";
				LD_RUNPATH_SEARCH_PATHS = "$(inherited) @executable_path/Frameworks";
				PRODUCT_BUNDLE_IDENTIFIER = "sixteensquared.Photo-Vault";
				PRODUCT_NAME = "$(TARGET_NAME)";
				SWIFT_VERSION = 3.0;
			};
			name = Debug;
		};
		C080EFF81E5EA5590072C55F /* Release */ = {
			isa = XCBuildConfiguration;
			buildSettings = {
				ASSETCATALOG_COMPILER_APPICON_NAME = AppIcon;
				DEVELOPMENT_TEAM = P87XK5R228;
				INFOPLIST_FILE = "Photo Vault/Info.plist";
				LD_RUNPATH_SEARCH_PATHS = "$(inherited) @executable_path/Frameworks";
				PRODUCT_BUNDLE_IDENTIFIER = "sixteensquared.Photo-Vault";
				PRODUCT_NAME = "$(TARGET_NAME)";
				SWIFT_VERSION = 3.0;
			};
			name = Release;
		};
		C080EFFA1E5EA5590072C55F /* Debug */ = {
			isa = XCBuildConfiguration;
			buildSettings = {
				ALWAYS_EMBED_SWIFT_STANDARD_LIBRARIES = YES;
				BUNDLE_LOADER = "$(TEST_HOST)";
				INFOPLIST_FILE = "Photo VaultTests/Info.plist";
				LD_RUNPATH_SEARCH_PATHS = "$(inherited) @executable_path/Frameworks @loader_path/Frameworks";
				PRODUCT_BUNDLE_IDENTIFIER = "sixteensquared.Photo-VaultTests";
				PRODUCT_NAME = "$(TARGET_NAME)";
				SWIFT_VERSION = 3.0;
				TEST_HOST = "$(BUILT_PRODUCTS_DIR)/Photo Vault.app/Photo Vault";
			};
			name = Debug;
		};
		C080EFFB1E5EA5590072C55F /* Release */ = {
			isa = XCBuildConfiguration;
			buildSettings = {
				ALWAYS_EMBED_SWIFT_STANDARD_LIBRARIES = YES;
				BUNDLE_LOADER = "$(TEST_HOST)";
				INFOPLIST_FILE = "Photo VaultTests/Info.plist";
				LD_RUNPATH_SEARCH_PATHS = "$(inherited) @executable_path/Frameworks @loader_path/Frameworks";
				PRODUCT_BUNDLE_IDENTIFIER = "sixteensquared.Photo-VaultTests";
				PRODUCT_NAME = "$(TARGET_NAME)";
				SWIFT_VERSION = 3.0;
				TEST_HOST = "$(BUILT_PRODUCTS_DIR)/Photo Vault.app/Photo Vault";
			};
			name = Release;
		};
/* End XCBuildConfiguration section */

/* Begin XCConfigurationList section */
		C080EFD21E5EA5590072C55F /* Build configuration list for PBXProject "Photo Vault" */ = {
			isa = XCConfigurationList;
			buildConfigurations = (
				C080EFF41E5EA5590072C55F /* Debug */,
				C080EFF51E5EA5590072C55F /* Release */,
			);
			defaultConfigurationIsVisible = 0;
			defaultConfigurationName = Release;
		};
		C080EFF61E5EA5590072C55F /* Build configuration list for PBXNativeTarget "Photo Vault" */ = {
			isa = XCConfigurationList;
			buildConfigurations = (
				C080EFF71E5EA5590072C55F /* Debug */,
				C080EFF81E5EA5590072C55F /* Release */,
			);
			defaultConfigurationIsVisible = 0;
		};
		C080EFF91E5EA5590072C55F /* Build configuration list for PBXNativeTarget "Photo VaultTests" */ = {
			isa = XCConfigurationList;
			buildConfigurations = (
				C080EFFA1E5EA5590072C55F /* Debug */,
				C080EFFB1E5EA5590072C55F /* Release */,
			);
			defaultConfigurationIsVisible = 0;
		};
/* End XCConfigurationList section */
	};
	rootObject = C080EFCF1E5EA5590072C55F /* Project object */;
}
